
Microsoft Visual Studio Solution File, Format Version 12.00
# Visual Studio 15
VisualStudioVersion = 15.0.28307.438
MinimumVisualStudioVersion = 10.0.40219.1
Project("{FAE04EC0-301F-11D3-BF4B-00C04F79EFBC}") = "Funcky", "Funcky\Funcky.csproj", "{A51E4B16-901A-4D9B-A0E1-E263FD93F2ED}"
EndProject
Project("{FAE04EC0-301F-11D3-BF4B-00C04F79EFBC}") = "Funcky.Test", "Funcky.Test\Funcky.Test.csproj", "{EA10A7A1-6393-4B5F-BFF6-5937DA395141}"
EndProject
Project("{2150E333-8FDC-42A3-9474-1A3956D46DE8}") = "Solution Items", "Solution Items", "{2C37116A-BC6E-451C-B5E3-76A70F1BE590}"
ProjectSection(SolutionItems) = preProject
	changelog.md = changelog.md
	README.md = README.md
	.gitignore = .gitignore
	.editorconfig = .editorconfig
EndProjectSection
EndProject
Project("{2150E333-8FDC-42A3-9474-1A3956D46DE8}") = "Build Config", "Build Config", "{DD8F8450-BE23-4D6B-9C5C-7AED0ABB7531}"
ProjectSection(SolutionItems) = preProject
	Directory.Build.props = Directory.Build.props
	global.json = global.json
	Directory.Packages.props = Directory.Packages.props
EndProjectSection
EndProject
Project("{FAE04EC0-301F-11D3-BF4B-00C04F79EFBC}") = "Funcky.Xunit", "Funcky.Xunit\Funcky.Xunit.csproj", "{F2E98B0D-CC17-4576-89DE-065FF475BE6E}"
EndProject
Global
	GlobalSection(SolutionConfigurationPlatforms) = preSolution
		Debug|Any CPU = Debug|Any CPU
		Release|Any CPU = Release|Any CPU
	EndGlobalSection
	GlobalSection(ProjectConfigurationPlatforms) = postSolution
		{A51E4B16-901A-4D9B-A0E1-E263FD93F2ED}.Debug|Any CPU.ActiveCfg = Debug|Any CPU
		{A51E4B16-901A-4D9B-A0E1-E263FD93F2ED}.Debug|Any CPU.Build.0 = Debug|Any CPU
		{A51E4B16-901A-4D9B-A0E1-E263FD93F2ED}.Release|Any CPU.ActiveCfg = Release|Any CPU
		{A51E4B16-901A-4D9B-A0E1-E263FD93F2ED}.Release|Any CPU.Build.0 = Release|Any CPU
		{EA10A7A1-6393-4B5F-BFF6-5937DA395141}.Debug|Any CPU.ActiveCfg = Debug|Any CPU
		{EA10A7A1-6393-4B5F-BFF6-5937DA395141}.Debug|Any CPU.Build.0 = Debug|Any CPU
		{EA10A7A1-6393-4B5F-BFF6-5937DA395141}.Release|Any CPU.ActiveCfg = Release|Any CPU
		{EA10A7A1-6393-4B5F-BFF6-5937DA395141}.Release|Any CPU.Build.0 = Release|Any CPU
		{F2E98B0D-CC17-4576-89DE-065FF475BE6E}.Debug|Any CPU.ActiveCfg = Debug|Any CPU
		{F2E98B0D-CC17-4576-89DE-065FF475BE6E}.Debug|Any CPU.Build.0 = Debug|Any CPU
		{F2E98B0D-CC17-4576-89DE-065FF475BE6E}.Release|Any CPU.ActiveCfg = Release|Any CPU
		{F2E98B0D-CC17-4576-89DE-065FF475BE6E}.Release|Any CPU.Build.0 = Release|Any CPU
	EndGlobalSection
	GlobalSection(SolutionProperties) = preSolution
		HideSolutionNode = FALSE
	EndGlobalSection
	GlobalSection(ExtensibilityGlobals) = postSolution
		SolutionGuid = {1F800283-D010-4227-94C9-09C02B0411DE}
	EndGlobalSection
EndGlobal
